// !$*UTF8*$!
{
	archiveVersion = 1;
	classes = {
	};
	objectVersion = 56;
	objects = {

/* Begin PBXBuildFile section */
		5617D51E2C7E7D5C00075E0E /* HeaderView.swift in Sources */ = {isa = PBXBuildFile; fileRef = 5617D51D2C7E7D5C00075E0E /* HeaderView.swift */; };
		561D16C02C3DD6E000EC6007 /* CombineCocoa in Frameworks */ = {isa = PBXBuildFile; productRef = 561D16BF2C3DD6E000EC6007 /* CombineCocoa */; };
		561D16C32C3DD6E800EC6007 /* CombineCocoa in Frameworks */ = {isa = PBXBuildFile; productRef = 561D16C22C3DD6E800EC6007 /* CombineCocoa */; };
		561D16C52C3DD6EC00EC6007 /* CombineCocoa in Frameworks */ = {isa = PBXBuildFile; productRef = 561D16C42C3DD6EC00EC6007 /* CombineCocoa */; };
		561D16C82C3DD70800EC6007 /* SnapKit in Frameworks */ = {isa = PBXBuildFile; productRef = 561D16C72C3DD70800EC6007 /* SnapKit */; };
		561D16CB2C3DD73E00EC6007 /* SnapshotTesting in Frameworks */ = {isa = PBXBuildFile; productRef = 561D16CA2C3DD73E00EC6007 /* SnapshotTesting */; };
		561D16CD2C3DDED100EC6007 /* MainViewController.swift in Sources */ = {isa = PBXBuildFile; fileRef = 561D16CC2C3DDED100EC6007 /* MainViewController.swift */; };
		561D16D02C3DE20700EC6007 /* LogoView.swift in Sources */ = {isa = PBXBuildFile; fileRef = 561D16CF2C3DE20700EC6007 /* LogoView.swift */; };
		561D16D22C3DE21000EC6007 /* ResultVIew.swift in Sources */ = {isa = PBXBuildFile; fileRef = 561D16D12C3DE21000EC6007 /* ResultVIew.swift */; };
		561D16D42C3DE22700EC6007 /* BilllInputView.swift in Sources */ = {isa = PBXBuildFile; fileRef = 561D16D32C3DE22700EC6007 /* BilllInputView.swift */; };
		561D16D62C3DE23C00EC6007 /* TipInputView.swift in Sources */ = {isa = PBXBuildFile; fileRef = 561D16D52C3DE23C00EC6007 /* TipInputView.swift */; };
		561D16D82C3DE24A00EC6007 /* SplitInputView.swift in Sources */ = {isa = PBXBuildFile; fileRef = 561D16D72C3DE24A00EC6007 /* SplitInputView.swift */; };
		56203A842CB899DB00D20205 /* Result.swift in Sources */ = {isa = PBXBuildFile; fileRef = 56203A832CB899DB00D20205 /* Result.swift */; };
		56203A862CB89F5500D20205 /* String+Extension.swift in Sources */ = {isa = PBXBuildFile; fileRef = 56203A852CB89F5500D20205 /* String+Extension.swift */; };
		5653242A2C3DD1D600AA430C /* AppDelegate.swift in Sources */ = {isa = PBXBuildFile; fileRef = 565324292C3DD1D600AA430C /* AppDelegate.swift */; };
		5653242C2C3DD1D600AA430C /* SceneDelegate.swift in Sources */ = {isa = PBXBuildFile; fileRef = 5653242B2C3DD1D600AA430C /* SceneDelegate.swift */; };
		565324332C3DD1D800AA430C /* Assets.xcassets in Resources */ = {isa = PBXBuildFile; fileRef = 565324322C3DD1D800AA430C /* Assets.xcassets */; };
		565324362C3DD1D800AA430C /* Base in Resources */ = {isa = PBXBuildFile; fileRef = 565324352C3DD1D800AA430C /* Base */; };
		565324412C3DD1D800AA430C /* tip_calculatorTests.swift in Sources */ = {isa = PBXBuildFile; fileRef = 565324402C3DD1D800AA430C /* tip_calculatorTests.swift */; };
		5653244B2C3DD1D800AA430C /* tip_calculatorUITests.swift in Sources */ = {isa = PBXBuildFile; fileRef = 5653244A2C3DD1D800AA430C /* tip_calculatorUITests.swift */; };
		5653244D2C3DD1D800AA430C /* tip_calculatorUITestsLaunchTests.swift in Sources */ = {isa = PBXBuildFile; fileRef = 5653244C2C3DD1D800AA430C /* tip_calculatorUITestsLaunchTests.swift */; };
		565A7EFA2C7FCF9C00F5F617 /* Tip.swift in Sources */ = {isa = PBXBuildFile; fileRef = 565A7EF92C7FCF9C00F5F617 /* Tip.swift */; };
		5661B7422CB7415D000B25E5 /* MainViewModel.swift in Sources */ = {isa = PBXBuildFile; fileRef = 5661B7412CB7415D000B25E5 /* MainViewModel.swift */; };
		566A545E2CBC32D200627B50 /* UIResponder+Extension.swift in Sources */ = {isa = PBXBuildFile; fileRef = 566A545D2CBC32D200627B50 /* UIResponder+Extension.swift */; };
		566A54602CBC546900627B50 /* Double+Extension.swift in Sources */ = {isa = PBXBuildFile; fileRef = 566A545F2CBC546900627B50 /* Double+Extension.swift */; };
		5671C9702C41C38B0037502F /* AmountView.swift in Sources */ = {isa = PBXBuildFile; fileRef = 5671C96F2C41C38B0037502F /* AmountView.swift */; };
		5671C9722C41C7A90037502F /* UIView+Extension.swift in Sources */ = {isa = PBXBuildFile; fileRef = 5671C9712C41C7A90037502F /* UIView+Extension.swift */; };
		56841D192C3EB67B00E6ED81 /* ThemeColor.swift in Sources */ = {isa = PBXBuildFile; fileRef = 56841D182C3EB67B00E6ED81 /* ThemeColor.swift */; };
		56841D1B2C3EB84400E6ED81 /* UIColor+Extension.swift in Sources */ = {isa = PBXBuildFile; fileRef = 56841D1A2C3EB84400E6ED81 /* UIColor+Extension.swift */; };
		56841D1D2C3EBE6300E6ED81 /* ThemeFont.swift in Sources */ = {isa = PBXBuildFile; fileRef = 56841D1C2C3EBE6300E6ED81 /* ThemeFont.swift */; };
		56841D202C3EC9B800E6ED81 /* LabelFactory.swift in Sources */ = {isa = PBXBuildFile; fileRef = 56841D1F2C3EC9B800E6ED81 /* LabelFactory.swift */; };
/* End PBXBuildFile section */

/* Begin PBXContainerItemProxy section */
		5653243D2C3DD1D800AA430C /* PBXContainerItemProxy */ = {
			isa = PBXContainerItemProxy;
			containerPortal = 5653241E2C3DD1D600AA430C /* Project object */;
			proxyType = 1;
			remoteGlobalIDString = 565324252C3DD1D600AA430C;
			remoteInfo = "tip-calculator";
		};
		565324472C3DD1D800AA430C /* PBXContainerItemProxy */ = {
			isa = PBXContainerItemProxy;
			containerPortal = 5653241E2C3DD1D600AA430C /* Project object */;
			proxyType = 1;
			remoteGlobalIDString = 565324252C3DD1D600AA430C;
			remoteInfo = "tip-calculator";
		};
/* End PBXContainerItemProxy section */

/* Begin PBXFileReference section */
		5617D51D2C7E7D5C00075E0E /* HeaderView.swift */ = {isa = PBXFileReference; lastKnownFileType = sourcecode.swift; path = HeaderView.swift; sourceTree = "<group>"; };
		561D16CC2C3DDED100EC6007 /* MainViewController.swift */ = {isa = PBXFileReference; lastKnownFileType = sourcecode.swift; path = MainViewController.swift; sourceTree = "<group>"; };
		561D16CF2C3DE20700EC6007 /* LogoView.swift */ = {isa = PBXFileReference; lastKnownFileType = sourcecode.swift; path = LogoView.swift; sourceTree = "<group>"; };
		561D16D12C3DE21000EC6007 /* ResultVIew.swift */ = {isa = PBXFileReference; lastKnownFileType = sourcecode.swift; path = ResultVIew.swift; sourceTree = "<group>"; };
		561D16D32C3DE22700EC6007 /* BilllInputView.swift */ = {isa = PBXFileReference; lastKnownFileType = sourcecode.swift; path = BilllInputView.swift; sourceTree = "<group>"; };
		561D16D52C3DE23C00EC6007 /* TipInputView.swift */ = {isa = PBXFileReference; lastKnownFileType = sourcecode.swift; path = TipInputView.swift; sourceTree = "<group>"; };
		561D16D72C3DE24A00EC6007 /* SplitInputView.swift */ = {isa = PBXFileReference; lastKnownFileType = sourcecode.swift; path = SplitInputView.swift; sourceTree = "<group>"; };
		56203A832CB899DB00D20205 /* Result.swift */ = {isa = PBXFileReference; lastKnownFileType = sourcecode.swift; path = Result.swift; sourceTree = "<group>"; };
		56203A852CB89F5500D20205 /* String+Extension.swift */ = {isa = PBXFileReference; lastKnownFileType = sourcecode.swift; path = "String+Extension.swift"; sourceTree = "<group>"; };
		565324262C3DD1D600AA430C /* tip-calculator.app */ = {isa = PBXFileReference; explicitFileType = wrapper.application; includeInIndex = 0; path = "tip-calculator.app"; sourceTree = BUILT_PRODUCTS_DIR; };
		565324292C3DD1D600AA430C /* AppDelegate.swift */ = {isa = PBXFileReference; lastKnownFileType = sourcecode.swift; path = AppDelegate.swift; sourceTree = "<group>"; };
		5653242B2C3DD1D600AA430C /* SceneDelegate.swift */ = {isa = PBXFileReference; lastKnownFileType = sourcecode.swift; path = SceneDelegate.swift; sourceTree = "<group>"; };
		565324322C3DD1D800AA430C /* Assets.xcassets */ = {isa = PBXFileReference; lastKnownFileType = folder.assetcatalog; path = Assets.xcassets; sourceTree = "<group>"; };
		565324352C3DD1D800AA430C /* Base */ = {isa = PBXFileReference; lastKnownFileType = file.storyboard; name = Base; path = Base.lproj/LaunchScreen.storyboard; sourceTree = "<group>"; };
		565324372C3DD1D800AA430C /* Info.plist */ = {isa = PBXFileReference; lastKnownFileType = text.plist.xml; path = Info.plist; sourceTree = "<group>"; };
		5653243C2C3DD1D800AA430C /* tip-calculatorTests.xctest */ = {isa = PBXFileReference; explicitFileType = wrapper.cfbundle; includeInIndex = 0; path = "tip-calculatorTests.xctest"; sourceTree = BUILT_PRODUCTS_DIR; };
		565324402C3DD1D800AA430C /* tip_calculatorTests.swift */ = {isa = PBXFileReference; lastKnownFileType = sourcecode.swift; path = tip_calculatorTests.swift; sourceTree = "<group>"; };
		565324462C3DD1D800AA430C /* tip-calculatorUITests.xctest */ = {isa = PBXFileReference; explicitFileType = wrapper.cfbundle; includeInIndex = 0; path = "tip-calculatorUITests.xctest"; sourceTree = BUILT_PRODUCTS_DIR; };
		5653244A2C3DD1D800AA430C /* tip_calculatorUITests.swift */ = {isa = PBXFileReference; lastKnownFileType = sourcecode.swift; path = tip_calculatorUITests.swift; sourceTree = "<group>"; };
		5653244C2C3DD1D800AA430C /* tip_calculatorUITestsLaunchTests.swift */ = {isa = PBXFileReference; lastKnownFileType = sourcecode.swift; path = tip_calculatorUITestsLaunchTests.swift; sourceTree = "<group>"; };
		565A7EF92C7FCF9C00F5F617 /* Tip.swift */ = {isa = PBXFileReference; lastKnownFileType = sourcecode.swift; path = Tip.swift; sourceTree = "<group>"; };
		5661B7412CB7415D000B25E5 /* MainViewModel.swift */ = {isa = PBXFileReference; lastKnownFileType = sourcecode.swift; path = MainViewModel.swift; sourceTree = "<group>"; };
		566A545D2CBC32D200627B50 /* UIResponder+Extension.swift */ = {isa = PBXFileReference; lastKnownFileType = sourcecode.swift; path = "UIResponder+Extension.swift"; sourceTree = "<group>"; };
		566A545F2CBC546900627B50 /* Double+Extension.swift */ = {isa = PBXFileReference; lastKnownFileType = sourcecode.swift; path = "Double+Extension.swift"; sourceTree = "<group>"; };
		5671C96F2C41C38B0037502F /* AmountView.swift */ = {isa = PBXFileReference; lastKnownFileType = sourcecode.swift; path = AmountView.swift; sourceTree = "<group>"; };
		5671C9712C41C7A90037502F /* UIView+Extension.swift */ = {isa = PBXFileReference; lastKnownFileType = sourcecode.swift; path = "UIView+Extension.swift"; sourceTree = "<group>"; };
		56841D182C3EB67B00E6ED81 /* ThemeColor.swift */ = {isa = PBXFileReference; lastKnownFileType = sourcecode.swift; path = ThemeColor.swift; sourceTree = "<group>"; };
		56841D1A2C3EB84400E6ED81 /* UIColor+Extension.swift */ = {isa = PBXFileReference; lastKnownFileType = sourcecode.swift; path = "UIColor+Extension.swift"; sourceTree = "<group>"; };
		56841D1C2C3EBE6300E6ED81 /* ThemeFont.swift */ = {isa = PBXFileReference; lastKnownFileType = sourcecode.swift; path = ThemeFont.swift; sourceTree = "<group>"; };
		56841D1F2C3EC9B800E6ED81 /* LabelFactory.swift */ = {isa = PBXFileReference; lastKnownFileType = sourcecode.swift; path = LabelFactory.swift; sourceTree = "<group>"; };
/* End PBXFileReference section */

/* Begin PBXFrameworksBuildPhase section */
		565324232C3DD1D600AA430C /* Frameworks */ = {
			isa = PBXFrameworksBuildPhase;
			buildActionMask = 2147483647;
			files = (
				561D16C02C3DD6E000EC6007 /* CombineCocoa in Frameworks */,
				561D16C82C3DD70800EC6007 /* SnapKit in Frameworks */,
			);
			runOnlyForDeploymentPostprocessing = 0;
		};
		565324392C3DD1D800AA430C /* Frameworks */ = {
			isa = PBXFrameworksBuildPhase;
			buildActionMask = 2147483647;
			files = (
				561D16C32C3DD6E800EC6007 /* CombineCocoa in Frameworks */,
				561D16CB2C3DD73E00EC6007 /* SnapshotTesting in Frameworks */,
			);
			runOnlyForDeploymentPostprocessing = 0;
		};
		565324432C3DD1D800AA430C /* Frameworks */ = {
			isa = PBXFrameworksBuildPhase;
			buildActionMask = 2147483647;
			files = (
				561D16C52C3DD6EC00EC6007 /* CombineCocoa in Frameworks */,
			);
			runOnlyForDeploymentPostprocessing = 0;
		};
/* End PBXFrameworksBuildPhase section */

/* Begin PBXGroup section */
		5617D51F2C7E7D9700075E0E /* Components */ = {
			isa = PBXGroup;
			children = (
				5617D51D2C7E7D5C00075E0E /* HeaderView.swift */,
				5671C96F2C41C38B0037502F /* AmountView.swift */,
			);
			path = Components;
			sourceTree = "<group>";
		};
		561D16C12C3DD6E800EC6007 /* Frameworks */ = {
			isa = PBXGroup;
			children = (
			);
			name = Frameworks;
			sourceTree = "<group>";
		};
		561D16CE2C3DE1EF00EC6007 /* Views */ = {
			isa = PBXGroup;
			children = (
				5617D51F2C7E7D9700075E0E /* Components */,
				561D16CF2C3DE20700EC6007 /* LogoView.swift */,
				561D16D12C3DE21000EC6007 /* ResultVIew.swift */,
				561D16D32C3DE22700EC6007 /* BilllInputView.swift */,
				561D16D52C3DE23C00EC6007 /* TipInputView.swift */,
				561D16D72C3DE24A00EC6007 /* SplitInputView.swift */,
			);
			path = Views;
			sourceTree = "<group>";
		};
		5653241D2C3DD1D600AA430C = {
			isa = PBXGroup;
			children = (
				565324282C3DD1D600AA430C /* tip-calculator */,
				5653243F2C3DD1D800AA430C /* tip-calculatorTests */,
				565324492C3DD1D800AA430C /* tip-calculatorUITests */,
				565324272C3DD1D600AA430C /* Products */,
				561D16C12C3DD6E800EC6007 /* Frameworks */,
			);
			sourceTree = "<group>";
		};
		565324272C3DD1D600AA430C /* Products */ = {
			isa = PBXGroup;
			children = (
				565324262C3DD1D600AA430C /* tip-calculator.app */,
				5653243C2C3DD1D800AA430C /* tip-calculatorTests.xctest */,
				565324462C3DD1D800AA430C /* tip-calculatorUITests.xctest */,
			);
			name = Products;
			sourceTree = "<group>";
		};
		565324282C3DD1D600AA430C /* tip-calculator */ = {
			isa = PBXGroup;
			children = (
				565A7EF82C7FCF8700F5F617 /* Model */,
				56841D1E2C3EC9A800E6ED81 /* Factory */,
				56841D172C3EB66D00E6ED81 /* Config */,
				56841D142C3EB60700E6ED81 /* Extensions */,
				561D16CE2C3DE1EF00EC6007 /* Views */,
				565324292C3DD1D600AA430C /* AppDelegate.swift */,
				5653242B2C3DD1D600AA430C /* SceneDelegate.swift */,
				565324322C3DD1D800AA430C /* Assets.xcassets */,
				565324342C3DD1D800AA430C /* LaunchScreen.storyboard */,
				565324372C3DD1D800AA430C /* Info.plist */,
				561D16CC2C3DDED100EC6007 /* MainViewController.swift */,
				5661B7412CB7415D000B25E5 /* MainViewModel.swift */,
			);
			path = "tip-calculator";
			sourceTree = "<group>";
		};
		5653243F2C3DD1D800AA430C /* tip-calculatorTests */ = {
			isa = PBXGroup;
			children = (
				565324402C3DD1D800AA430C /* tip_calculatorTests.swift */,
			);
			path = "tip-calculatorTests";
			sourceTree = "<group>";
		};
		565324492C3DD1D800AA430C /* tip-calculatorUITests */ = {
			isa = PBXGroup;
			children = (
				5653244A2C3DD1D800AA430C /* tip_calculatorUITests.swift */,
				5653244C2C3DD1D800AA430C /* tip_calculatorUITestsLaunchTests.swift */,
			);
			path = "tip-calculatorUITests";
			sourceTree = "<group>";
		};
		565A7EF82C7FCF8700F5F617 /* Model */ = {
			isa = PBXGroup;
			children = (
				565A7EF92C7FCF9C00F5F617 /* Tip.swift */,
				56203A832CB899DB00D20205 /* Result.swift */,
			);
			path = Model;
			sourceTree = "<group>";
		};
		56841D142C3EB60700E6ED81 /* Extensions */ = {
			isa = PBXGroup;
			children = (
				56841D1A2C3EB84400E6ED81 /* UIColor+Extension.swift */,
				5671C9712C41C7A90037502F /* UIView+Extension.swift */,
				56203A852CB89F5500D20205 /* String+Extension.swift */,
				566A545D2CBC32D200627B50 /* UIResponder+Extension.swift */,
				566A545F2CBC546900627B50 /* Double+Extension.swift */,
			);
			path = Extensions;
			sourceTree = "<group>";
		};
		56841D172C3EB66D00E6ED81 /* Config */ = {
			isa = PBXGroup;
			children = (
				56841D182C3EB67B00E6ED81 /* ThemeColor.swift */,
				56841D1C2C3EBE6300E6ED81 /* ThemeFont.swift */,
			);
			path = Config;
			sourceTree = "<group>";
		};
		56841D1E2C3EC9A800E6ED81 /* Factory */ = {
			isa = PBXGroup;
			children = (
				56841D1F2C3EC9B800E6ED81 /* LabelFactory.swift */,
			);
			path = Factory;
			sourceTree = "<group>";
		};
/* End PBXGroup section */

/* Begin PBXNativeTarget section */
		565324252C3DD1D600AA430C /* tip-calculator */ = {
			isa = PBXNativeTarget;
			buildConfigurationList = 565324502C3DD1D800AA430C /* Build configuration list for PBXNativeTarget "tip-calculator" */;
			buildPhases = (
				565324222C3DD1D600AA430C /* Sources */,
				565324232C3DD1D600AA430C /* Frameworks */,
				565324242C3DD1D600AA430C /* Resources */,
			);
			buildRules = (
			);
			dependencies = (
			);
			name = "tip-calculator";
			packageProductDependencies = (
				561D16BF2C3DD6E000EC6007 /* CombineCocoa */,
				561D16C72C3DD70800EC6007 /* SnapKit */,
			);
			productName = "tip-calculator";
			productReference = 565324262C3DD1D600AA430C /* tip-calculator.app */;
			productType = "com.apple.product-type.application";
		};
		5653243B2C3DD1D800AA430C /* tip-calculatorTests */ = {
			isa = PBXNativeTarget;
			buildConfigurationList = 565324532C3DD1D800AA430C /* Build configuration list for PBXNativeTarget "tip-calculatorTests" */;
			buildPhases = (
				565324382C3DD1D800AA430C /* Sources */,
				565324392C3DD1D800AA430C /* Frameworks */,
				5653243A2C3DD1D800AA430C /* Resources */,
			);
			buildRules = (
			);
			dependencies = (
				5653243E2C3DD1D800AA430C /* PBXTargetDependency */,
			);
			name = "tip-calculatorTests";
			packageProductDependencies = (
				561D16C22C3DD6E800EC6007 /* CombineCocoa */,
				561D16CA2C3DD73E00EC6007 /* SnapshotTesting */,
			);
			productName = "tip-calculatorTests";
			productReference = 5653243C2C3DD1D800AA430C /* tip-calculatorTests.xctest */;
			productType = "com.apple.product-type.bundle.unit-test";
		};
		565324452C3DD1D800AA430C /* tip-calculatorUITests */ = {
			isa = PBXNativeTarget;
			buildConfigurationList = 565324562C3DD1D800AA430C /* Build configuration list for PBXNativeTarget "tip-calculatorUITests" */;
			buildPhases = (
				565324422C3DD1D800AA430C /* Sources */,
				565324432C3DD1D800AA430C /* Frameworks */,
				565324442C3DD1D800AA430C /* Resources */,
			);
			buildRules = (
			);
			dependencies = (
				565324482C3DD1D800AA430C /* PBXTargetDependency */,
			);
			name = "tip-calculatorUITests";
			packageProductDependencies = (
				561D16C42C3DD6EC00EC6007 /* CombineCocoa */,
			);
			productName = "tip-calculatorUITests";
			productReference = 565324462C3DD1D800AA430C /* tip-calculatorUITests.xctest */;
			productType = "com.apple.product-type.bundle.ui-testing";
		};
/* End PBXNativeTarget section */

/* Begin PBXProject section */
		5653241E2C3DD1D600AA430C /* Project object */ = {
			isa = PBXProject;
			attributes = {
				BuildIndependentTargetsInParallel = 1;
				LastSwiftUpdateCheck = 1530;
				LastUpgradeCheck = 1530;
				TargetAttributes = {
					565324252C3DD1D600AA430C = {
						CreatedOnToolsVersion = 15.3;
					};
					5653243B2C3DD1D800AA430C = {
						CreatedOnToolsVersion = 15.3;
						TestTargetID = 565324252C3DD1D600AA430C;
					};
					565324452C3DD1D800AA430C = {
						CreatedOnToolsVersion = 15.3;
						TestTargetID = 565324252C3DD1D600AA430C;
					};
				};
			};
			buildConfigurationList = 565324212C3DD1D600AA430C /* Build configuration list for PBXProject "tip-calculator" */;
			compatibilityVersion = "Xcode 14.0";
			developmentRegion = en;
			hasScannedForEncodings = 0;
			knownRegions = (
				en,
				Base,
			);
			mainGroup = 5653241D2C3DD1D600AA430C;
			packageReferences = (
				561D16BE2C3DD6E000EC6007 /* XCRemoteSwiftPackageReference "CombineCocoa" */,
				561D16C62C3DD70800EC6007 /* XCRemoteSwiftPackageReference "SnapKit" */,
				561D16C92C3DD73E00EC6007 /* XCRemoteSwiftPackageReference "swift-snapshot-testing" */,
			);
			productRefGroup = 565324272C3DD1D600AA430C /* Products */;
			projectDirPath = "";
			projectRoot = "";
			targets = (
				565324252C3DD1D600AA430C /* tip-calculator */,
				5653243B2C3DD1D800AA430C /* tip-calculatorTests */,
				565324452C3DD1D800AA430C /* tip-calculatorUITests */,
			);
		};
/* End PBXProject section */

/* Begin PBXResourcesBuildPhase section */
		565324242C3DD1D600AA430C /* Resources */ = {
			isa = PBXResourcesBuildPhase;
			buildActionMask = 2147483647;
			files = (
				565324332C3DD1D800AA430C /* Assets.xcassets in Resources */,
				565324362C3DD1D800AA430C /* Base in Resources */,
			);
			runOnlyForDeploymentPostprocessing = 0;
		};
		5653243A2C3DD1D800AA430C /* Resources */ = {
			isa = PBXResourcesBuildPhase;
			buildActionMask = 2147483647;
			files = (
			);
			runOnlyForDeploymentPostprocessing = 0;
		};
		565324442C3DD1D800AA430C /* Resources */ = {
			isa = PBXResourcesBuildPhase;
			buildActionMask = 2147483647;
			files = (
			);
			runOnlyForDeploymentPostprocessing = 0;
		};
/* End PBXResourcesBuildPhase section */

/* Begin PBXSourcesBuildPhase section */
		565324222C3DD1D600AA430C /* Sources */ = {
			isa = PBXSourcesBuildPhase;
			buildActionMask = 2147483647;
			files = (
				56203A842CB899DB00D20205 /* Result.swift in Sources */,
				56841D1D2C3EBE6300E6ED81 /* ThemeFont.swift in Sources */,
				566A54602CBC546900627B50 /* Double+Extension.swift in Sources */,
				566A545E2CBC32D200627B50 /* UIResponder+Extension.swift in Sources */,
				565A7EFA2C7FCF9C00F5F617 /* Tip.swift in Sources */,
				56203A862CB89F5500D20205 /* String+Extension.swift in Sources */,
				561D16D22C3DE21000EC6007 /* ResultVIew.swift in Sources */,
				561D16CD2C3DDED100EC6007 /* MainViewController.swift in Sources */,
				561D16D02C3DE20700EC6007 /* LogoView.swift in Sources */,
				561D16D42C3DE22700EC6007 /* BilllInputView.swift in Sources */,
				5671C9702C41C38B0037502F /* AmountView.swift in Sources */,
				5653242A2C3DD1D600AA430C /* AppDelegate.swift in Sources */,
				5661B7422CB7415D000B25E5 /* MainViewModel.swift in Sources */,
				5653242C2C3DD1D600AA430C /* SceneDelegate.swift in Sources */,
				5671C9722C41C7A90037502F /* UIView+Extension.swift in Sources */,
				561D16D82C3DE24A00EC6007 /* SplitInputView.swift in Sources */,
				5617D51E2C7E7D5C00075E0E /* HeaderView.swift in Sources */,
				56841D1B2C3EB84400E6ED81 /* UIColor+Extension.swift in Sources */,
				56841D202C3EC9B800E6ED81 /* LabelFactory.swift in Sources */,
				561D16D62C3DE23C00EC6007 /* TipInputView.swift in Sources */,
				56841D192C3EB67B00E6ED81 /* ThemeColor.swift in Sources */,
			);
			runOnlyForDeploymentPostprocessing = 0;
		};
		565324382C3DD1D800AA430C /* Sources */ = {
			isa = PBXSourcesBuildPhase;
			buildActionMask = 2147483647;
			files = (
				565324412C3DD1D800AA430C /* tip_calculatorTests.swift in Sources */,
			);
			runOnlyForDeploymentPostprocessing = 0;
		};
		565324422C3DD1D800AA430C /* Sources */ = {
			isa = PBXSourcesBuildPhase;
			buildActionMask = 2147483647;
			files = (
				5653244D2C3DD1D800AA430C /* tip_calculatorUITestsLaunchTests.swift in Sources */,
				5653244B2C3DD1D800AA430C /* tip_calculatorUITests.swift in Sources */,
			);
			runOnlyForDeploymentPostprocessing = 0;
		};
/* End PBXSourcesBuildPhase section */

/* Begin PBXTargetDependency section */
		5653243E2C3DD1D800AA430C /* PBXTargetDependency */ = {
			isa = PBXTargetDependency;
			target = 565324252C3DD1D600AA430C /* tip-calculator */;
			targetProxy = 5653243D2C3DD1D800AA430C /* PBXContainerItemProxy */;
		};
		565324482C3DD1D800AA430C /* PBXTargetDependency */ = {
			isa = PBXTargetDependency;
			target = 565324252C3DD1D600AA430C /* tip-calculator */;
			targetProxy = 565324472C3DD1D800AA430C /* PBXContainerItemProxy */;
		};
/* End PBXTargetDependency section */

/* Begin PBXVariantGroup section */
		565324342C3DD1D800AA430C /* LaunchScreen.storyboard */ = {
			isa = PBXVariantGroup;
			children = (
				565324352C3DD1D800AA430C /* Base */,
			);
			name = LaunchScreen.storyboard;
			sourceTree = "<group>";
		};
/* End PBXVariantGroup section */

/* Begin XCBuildConfiguration section */
		5653244E2C3DD1D800AA430C /* Debug */ = {
			isa = XCBuildConfiguration;
			buildSettings = {
				ALWAYS_SEARCH_USER_PATHS = NO;
				ASSETCATALOG_COMPILER_GENERATE_SWIFT_ASSET_SYMBOL_EXTENSIONS = YES;
				CLANG_ANALYZER_NONNULL = YES;
				CLANG_ANALYZER_NUMBER_OBJECT_CONVERSION = YES_AGGRESSIVE;
				CLANG_CXX_LANGUAGE_STANDARD = "gnu++20";
				CLANG_ENABLE_MODULES = YES;
				CLANG_ENABLE_OBJC_ARC = YES;
				CLANG_ENABLE_OBJC_WEAK = YES;
				CLANG_WARN_BLOCK_CAPTURE_AUTORELEASING = YES;
				CLANG_WARN_BOOL_CONVERSION = YES;
				CLANG_WARN_COMMA = YES;
				CLANG_WARN_CONSTANT_CONVERSION = YES;
				CLANG_WARN_DEPRECATED_OBJC_IMPLEMENTATIONS = YES;
				CLANG_WARN_DIRECT_OBJC_ISA_USAGE = YES_ERROR;
				CLANG_WARN_DOCUMENTATION_COMMENTS = YES;
				CLANG_WARN_EMPTY_BODY = YES;
				CLANG_WARN_ENUM_CONVERSION = YES;
				CLANG_WARN_INFINITE_RECURSION = YES;
				CLANG_WARN_INT_CONVERSION = YES;
				CLANG_WARN_NON_LITERAL_NULL_CONVERSION = YES;
				CLANG_WARN_OBJC_IMPLICIT_RETAIN_SELF = YES;
				CLANG_WARN_OBJC_LITERAL_CONVERSION = YES;
				CLANG_WARN_OBJC_ROOT_CLASS = YES_ERROR;
				CLANG_WARN_QUOTED_INCLUDE_IN_FRAMEWORK_HEADER = YES;
				CLANG_WARN_RANGE_LOOP_ANALYSIS = YES;
				CLANG_WARN_STRICT_PROTOTYPES = YES;
				CLANG_WARN_SUSPICIOUS_MOVE = YES;
				CLANG_WARN_UNGUARDED_AVAILABILITY = YES_AGGRESSIVE;
				CLANG_WARN_UNREACHABLE_CODE = YES;
				CLANG_WARN__DUPLICATE_METHOD_MATCH = YES;
				COPY_PHASE_STRIP = NO;
				DEBUG_INFORMATION_FORMAT = dwarf;
				ENABLE_STRICT_OBJC_MSGSEND = YES;
				ENABLE_TESTABILITY = YES;
				ENABLE_USER_SCRIPT_SANDBOXING = YES;
				GCC_C_LANGUAGE_STANDARD = gnu17;
				GCC_DYNAMIC_NO_PIC = NO;
				GCC_NO_COMMON_BLOCKS = YES;
				GCC_OPTIMIZATION_LEVEL = 0;
				GCC_PREPROCESSOR_DEFINITIONS = (
					"DEBUG=1",
					"$(inherited)",
				);
				GCC_WARN_64_TO_32_BIT_CONVERSION = YES;
				GCC_WARN_ABOUT_RETURN_TYPE = YES_ERROR;
				GCC_WARN_UNDECLARED_SELECTOR = YES;
				GCC_WARN_UNINITIALIZED_AUTOS = YES_AGGRESSIVE;
				GCC_WARN_UNUSED_FUNCTION = YES;
				GCC_WARN_UNUSED_VARIABLE = YES;
				IPHONEOS_DEPLOYMENT_TARGET = 17.4;
				LOCALIZATION_PREFERS_STRING_CATALOGS = YES;
				MTL_ENABLE_DEBUG_INFO = INCLUDE_SOURCE;
				MTL_FAST_MATH = YES;
				ONLY_ACTIVE_ARCH = YES;
				SDKROOT = iphoneos;
				SWIFT_ACTIVE_COMPILATION_CONDITIONS = "DEBUG $(inherited)";
				SWIFT_OPTIMIZATION_LEVEL = "-Onone";
			};
			name = Debug;
		};
		5653244F2C3DD1D800AA430C /* Release */ = {
			isa = XCBuildConfiguration;
			buildSettings = {
				ALWAYS_SEARCH_USER_PATHS = NO;
				ASSETCATALOG_COMPILER_GENERATE_SWIFT_ASSET_SYMBOL_EXTENSIONS = YES;
				CLANG_ANALYZER_NONNULL = YES;
				CLANG_ANALYZER_NUMBER_OBJECT_CONVERSION = YES_AGGRESSIVE;
				CLANG_CXX_LANGUAGE_STANDARD = "gnu++20";
				CLANG_ENABLE_MODULES = YES;
				CLANG_ENABLE_OBJC_ARC = YES;
				CLANG_ENABLE_OBJC_WEAK = YES;
				CLANG_WARN_BLOCK_CAPTURE_AUTORELEASING = YES;
				CLANG_WARN_BOOL_CONVERSION = YES;
				CLANG_WARN_COMMA = YES;
				CLANG_WARN_CONSTANT_CONVERSION = YES;
				CLANG_WARN_DEPRECATED_OBJC_IMPLEMENTATIONS = YES;
				CLANG_WARN_DIRECT_OBJC_ISA_USAGE = YES_ERROR;
				CLANG_WARN_DOCUMENTATION_COMMENTS = YES;
				CLANG_WARN_EMPTY_BODY = YES;
				CLANG_WARN_ENUM_CONVERSION = YES;
				CLANG_WARN_INFINITE_RECURSION = YES;
				CLANG_WARN_INT_CONVERSION = YES;
				CLANG_WARN_NON_LITERAL_NULL_CONVERSION = YES;
				CLANG_WARN_OBJC_IMPLICIT_RETAIN_SELF = YES;
				CLANG_WARN_OBJC_LITERAL_CONVERSION = YES;
				CLANG_WARN_OBJC_ROOT_CLASS = YES_ERROR;
				CLANG_WARN_QUOTED_INCLUDE_IN_FRAMEWORK_HEADER = YES;
				CLANG_WARN_RANGE_LOOP_ANALYSIS = YES;
				CLANG_WARN_STRICT_PROTOTYPES = YES;
				CLANG_WARN_SUSPICIOUS_MOVE = YES;
				CLANG_WARN_UNGUARDED_AVAILABILITY = YES_AGGRESSIVE;
				CLANG_WARN_UNREACHABLE_CODE = YES;
				CLANG_WARN__DUPLICATE_METHOD_MATCH = YES;
				COPY_PHASE_STRIP = NO;
				DEBUG_INFORMATION_FORMAT = "dwarf-with-dsym";
				ENABLE_NS_ASSERTIONS = NO;
				ENABLE_STRICT_OBJC_MSGSEND = YES;
				ENABLE_USER_SCRIPT_SANDBOXING = YES;
				GCC_C_LANGUAGE_STANDARD = gnu17;
				GCC_NO_COMMON_BLOCKS = YES;
				GCC_WARN_64_TO_32_BIT_CONVERSION = YES;
				GCC_WARN_ABOUT_RETURN_TYPE = YES_ERROR;
				GCC_WARN_UNDECLARED_SELECTOR = YES;
				GCC_WARN_UNINITIALIZED_AUTOS = YES_AGGRESSIVE;
				GCC_WARN_UNUSED_FUNCTION = YES;
				GCC_WARN_UNUSED_VARIABLE = YES;
				IPHONEOS_DEPLOYMENT_TARGET = 17.4;
				LOCALIZATION_PREFERS_STRING_CATALOGS = YES;
				MTL_ENABLE_DEBUG_INFO = NO;
				MTL_FAST_MATH = YES;
				SDKROOT = iphoneos;
				SWIFT_COMPILATION_MODE = wholemodule;
				VALIDATE_PRODUCT = YES;
			};
			name = Release;
		};
		565324512C3DD1D800AA430C /* Debug */ = {
			isa = XCBuildConfiguration;
			buildSettings = {
				ASSETCATALOG_COMPILER_APPICON_NAME = AppIcon;
				ASSETCATALOG_COMPILER_GLOBAL_ACCENT_COLOR_NAME = AccentColor;
				CODE_SIGN_STYLE = Automatic;
				CURRENT_PROJECT_VERSION = 1;
				DEVELOPMENT_TEAM = 3Y8GP8KZQ7;
				GENERATE_INFOPLIST_FILE = YES;
				INFOPLIST_FILE = "tip-calculator/Info.plist";
				INFOPLIST_KEY_UIApplicationSupportsIndirectInputEvents = YES;
				INFOPLIST_KEY_UILaunchStoryboardName = LaunchScreen;
				INFOPLIST_KEY_UISupportedInterfaceOrientations_iPad = "UIInterfaceOrientationPortrait UIInterfaceOrientationPortraitUpsideDown UIInterfaceOrientationLandscapeLeft UIInterfaceOrientationLandscapeRight";
				INFOPLIST_KEY_UISupportedInterfaceOrientations_iPhone = "UIInterfaceOrientationPortrait UIInterfaceOrientationLandscapeLeft UIInterfaceOrientationLandscapeRight";
				LD_RUNPATH_SEARCH_PATHS = (
					"$(inherited)",
					"@executable_path/Frameworks",
				);
				MARKETING_VERSION = 1.0;
				PRODUCT_BUNDLE_IDENTIFIER = "com.dev.tdsmarques.tip-calculator";
				PRODUCT_NAME = "$(TARGET_NAME)";
				SWIFT_EMIT_LOC_STRINGS = YES;
				SWIFT_VERSION = 5.0;
				TARGETED_DEVICE_FAMILY = "1,2";
			};
			name = Debug;
		};
		565324522C3DD1D800AA430C /* Release */ = {
			isa = XCBuildConfiguration;
			buildSettings = {
				ASSETCATALOG_COMPILER_APPICON_NAME = AppIcon;
				ASSETCATALOG_COMPILER_GLOBAL_ACCENT_COLOR_NAME = AccentColor;
				CODE_SIGN_STYLE = Automatic;
				CURRENT_PROJECT_VERSION = 1;
				DEVELOPMENT_TEAM = 3Y8GP8KZQ7;
				GENERATE_INFOPLIST_FILE = YES;
				INFOPLIST_FILE = "tip-calculator/Info.plist";
				INFOPLIST_KEY_UIApplicationSupportsIndirectInputEvents = YES;
				INFOPLIST_KEY_UILaunchStoryboardName = LaunchScreen;
				INFOPLIST_KEY_UISupportedInterfaceOrientations_iPad = "UIInterfaceOrientationPortrait UIInterfaceOrientationPortraitUpsideDown UIInterfaceOrientationLandscapeLeft UIInterfaceOrientationLandscapeRight";
				INFOPLIST_KEY_UISupportedInterfaceOrientations_iPhone = "UIInterfaceOrientationPortrait UIInterfaceOrientationLandscapeLeft UIInterfaceOrientationLandscapeRight";
				LD_RUNPATH_SEARCH_PATHS = (
					"$(inherited)",
					"@executable_path/Frameworks",
				);
				MARKETING_VERSION = 1.0;
				PRODUCT_BUNDLE_IDENTIFIER = "com.dev.tdsmarques.tip-calculator";
				PRODUCT_NAME = "$(TARGET_NAME)";
				SWIFT_EMIT_LOC_STRINGS = YES;
				SWIFT_VERSION = 5.0;
				TARGETED_DEVICE_FAMILY = "1,2";
			};
			name = Release;
		};
		565324542C3DD1D800AA430C /* Debug */ = {
			isa = XCBuildConfiguration;
			buildSettings = {
				ALWAYS_EMBED_SWIFT_STANDARD_LIBRARIES = YES;
				BUNDLE_LOADER = "$(TEST_HOST)";
				CODE_SIGN_STYLE = Automatic;
				CURRENT_PROJECT_VERSION = 1;
				DEVELOPMENT_TEAM = 3Y8GP8KZQ7;
				GENERATE_INFOPLIST_FILE = YES;
				IPHONEOS_DEPLOYMENT_TARGET = 17.4;
				MARKETING_VERSION = 1.0;
				PRODUCT_BUNDLE_IDENTIFIER = "com.dev.tdsmarques.tip-calculatorTests";
				PRODUCT_NAME = "$(TARGET_NAME)";
				SWIFT_EMIT_LOC_STRINGS = NO;
				SWIFT_VERSION = 5.0;
				TARGETED_DEVICE_FAMILY = "1,2";
				TEST_HOST = "$(BUILT_PRODUCTS_DIR)/tip-calculator.app/$(BUNDLE_EXECUTABLE_FOLDER_PATH)/tip-calculator";
			};
			name = Debug;
		};
		565324552C3DD1D800AA430C /* Release */ = {
			isa = XCBuildConfiguration;
			buildSettings = {
				ALWAYS_EMBED_SWIFT_STANDARD_LIBRARIES = YES;
				BUNDLE_LOADER = "$(TEST_HOST)";
				CODE_SIGN_STYLE = Automatic;
				CURRENT_PROJECT_VERSION = 1;
				DEVELOPMENT_TEAM = 3Y8GP8KZQ7;
				GENERATE_INFOPLIST_FILE = YES;
				IPHONEOS_DEPLOYMENT_TARGET = 17.4;
				MARKETING_VERSION = 1.0;
				PRODUCT_BUNDLE_IDENTIFIER = "com.dev.tdsmarques.tip-calculatorTests";
				PRODUCT_NAME = "$(TARGET_NAME)";
				SWIFT_EMIT_LOC_STRINGS = NO;
				SWIFT_VERSION = 5.0;
				TARGETED_DEVICE_FAMILY = "1,2";
				TEST_HOST = "$(BUILT_PRODUCTS_DIR)/tip-calculator.app/$(BUNDLE_EXECUTABLE_FOLDER_PATH)/tip-calculator";
			};
			name = Release;
		};
		565324572C3DD1D800AA430C /* Debug */ = {
			isa = XCBuildConfiguration;
			buildSettings = {
				ALWAYS_EMBED_SWIFT_STANDARD_LIBRARIES = YES;
				CODE_SIGN_STYLE = Automatic;
				CURRENT_PROJECT_VERSION = 1;
				DEVELOPMENT_TEAM = 3Y8GP8KZQ7;
				GENERATE_INFOPLIST_FILE = YES;
				MARKETING_VERSION = 1.0;
				PRODUCT_BUNDLE_IDENTIFIER = "com.dev.tdsmarques.tip-calculatorUITests";
				PRODUCT_NAME = "$(TARGET_NAME)";
				SWIFT_EMIT_LOC_STRINGS = NO;
				SWIFT_VERSION = 5.0;
				TARGETED_DEVICE_FAMILY = "1,2";
				TEST_TARGET_NAME = "tip-calculator";
			};
			name = Debug;
		};
		565324582C3DD1D800AA430C /* Release */ = {
			isa = XCBuildConfiguration;
			buildSettings = {
				ALWAYS_EMBED_SWIFT_STANDARD_LIBRARIES = YES;
				CODE_SIGN_STYLE = Automatic;
				CURRENT_PROJECT_VERSION = 1;
				DEVELOPMENT_TEAM = 3Y8GP8KZQ7;
				GENERATE_INFOPLIST_FILE = YES;
				MARKETING_VERSION = 1.0;
				PRODUCT_BUNDLE_IDENTIFIER = "com.dev.tdsmarques.tip-calculatorUITests";
				PRODUCT_NAME = "$(TARGET_NAME)";
				SWIFT_EMIT_LOC_STRINGS = NO;
				SWIFT_VERSION = 5.0;
				TARGETED_DEVICE_FAMILY = "1,2";
				TEST_TARGET_NAME = "tip-calculator";
			};
			name = Release;
		};
/* End XCBuildConfiguration section */

/* Begin XCConfigurationList section */
		565324212C3DD1D600AA430C /* Build configuration list for PBXProject "tip-calculator" */ = {
			isa = XCConfigurationList;
			buildConfigurations = (
				5653244E2C3DD1D800AA430C /* Debug */,
				5653244F2C3DD1D800AA430C /* Release */,
			);
			defaultConfigurationIsVisible = 0;
			defaultConfigurationName = Release;
		};
		565324502C3DD1D800AA430C /* Build configuration list for PBXNativeTarget "tip-calculator" */ = {
			isa = XCConfigurationList;
			buildConfigurations = (
				565324512C3DD1D800AA430C /* Debug */,
				565324522C3DD1D800AA430C /* Release */,
			);
			defaultConfigurationIsVisible = 0;
			defaultConfigurationName = Release;
		};
		565324532C3DD1D800AA430C /* Build configuration list for PBXNativeTarget "tip-calculatorTests" */ = {
			isa = XCConfigurationList;
			buildConfigurations = (
				565324542C3DD1D800AA430C /* Debug */,
				565324552C3DD1D800AA430C /* Release */,
			);
			defaultConfigurationIsVisible = 0;
			defaultConfigurationName = Release;
		};
		565324562C3DD1D800AA430C /* Build configuration list for PBXNativeTarget "tip-calculatorUITests" */ = {
			isa = XCConfigurationList;
			buildConfigurations = (
				565324572C3DD1D800AA430C /* Debug */,
				565324582C3DD1D800AA430C /* Release */,
			);
			defaultConfigurationIsVisible = 0;
			defaultConfigurationName = Release;
		};
/* End XCConfigurationList section */

/* Begin XCRemoteSwiftPackageReference section */
		561D16BE2C3DD6E000EC6007 /* XCRemoteSwiftPackageReference "CombineCocoa" */ = {
			isa = XCRemoteSwiftPackageReference;
			repositoryURL = "https://github.com/CombineCommunity/CombineCocoa";
			requirement = {
				kind = upToNextMinorVersion;
				minimumVersion = 0.4.1;
			};
		};
		561D16C62C3DD70800EC6007 /* XCRemoteSwiftPackageReference "SnapKit" */ = {
			isa = XCRemoteSwiftPackageReference;
			repositoryURL = "https://github.com/SnapKit/SnapKit";
			requirement = {
				kind = upToNextMinorVersion;
				minimumVersion = 5.7.1;
			};
		};
		561D16C92C3DD73E00EC6007 /* XCRemoteSwiftPackageReference "swift-snapshot-testing" */ = {
			isa = XCRemoteSwiftPackageReference;
			repositoryURL = "https://github.com/pointfreeco/swift-snapshot-testing";
			requirement = {
				kind = upToNextMinorVersion;
				minimumVersion = 1.17.1;
			};
		};
/* End XCRemoteSwiftPackageReference section */

/* Begin XCSwiftPackageProductDependency section */
		561D16BF2C3DD6E000EC6007 /* CombineCocoa */ = {
			isa = XCSwiftPackageProductDependency;
			package = 561D16BE2C3DD6E000EC6007 /* XCRemoteSwiftPackageReference "CombineCocoa" */;
			productName = CombineCocoa;
		};
		561D16C22C3DD6E800EC6007 /* CombineCocoa */ = {
			isa = XCSwiftPackageProductDependency;
			package = 561D16BE2C3DD6E000EC6007 /* XCRemoteSwiftPackageReference "CombineCocoa" */;
			productName = CombineCocoa;
		};
		561D16C42C3DD6EC00EC6007 /* CombineCocoa */ = {
			isa = XCSwiftPackageProductDependency;
			package = 561D16BE2C3DD6E000EC6007 /* XCRemoteSwiftPackageReference "CombineCocoa" */;
			productName = CombineCocoa;
		};
		561D16C72C3DD70800EC6007 /* SnapKit */ = {
			isa = XCSwiftPackageProductDependency;
			package = 561D16C62C3DD70800EC6007 /* XCRemoteSwiftPackageReference "SnapKit" */;
			productName = SnapKit;
		};
		561D16CA2C3DD73E00EC6007 /* SnapshotTesting */ = {
			isa = XCSwiftPackageProductDependency;
			package = 561D16C92C3DD73E00EC6007 /* XCRemoteSwiftPackageReference "swift-snapshot-testing" */;
			productName = SnapshotTesting;
		};
/* End XCSwiftPackageProductDependency section */
	};
	rootObject = 5653241E2C3DD1D600AA430C /* Project object */;
}
